
Microsoft Visual Studio Solution File, Format Version 12.00
# Visual Studio Version 17
VisualStudioVersion = 17.13.35806.99
MinimumVisualStudioVersion = 10.0.40219.1
Project("{FAE04EC0-301F-11D3-BF4B-00C04F79EFBC}") = "WebApi", "WebApi\WebApi.csproj", "{5F4C9662-B50F-4B24-99BB-1B6753216ED4}"
EndProject
Project("{FAE04EC0-301F-11D3-BF4B-00C04F79EFBC}") = "TuyaApp.Domain", "TuyaApp.Domain\TuyaApp.Domain.csproj", "{5BF4C441-7264-4A2D-B630-C11E095AFC04}"
EndProject
Project("{FAE04EC0-301F-11D3-BF4B-00C04F79EFBC}") = "TuyaApp.Application", "TuyaApp.Application\TuyaApp.Application.csproj", "{0948538F-2845-4278-BEFC-F2635FE0A31C}"
EndProject
Project("{FAE04EC0-301F-11D3-BF4B-00C04F79EFBC}") = "TuyaApp.Infrastructure", "TuyaApp.Infrastructure\TuyaApp.Infrastructure.csproj", "{7E9BC614-7528-46CE-8DBF-F95F31F19D53}"
EndProject
Project("{FAE04EC0-301F-11D3-BF4B-00C04F79EFBC}") = "TuyaApp.Tests", "TuyaApp.Tests\TuyaApp.Tests.csproj", "{7089AB6C-02E0-4432-8688-86B49289F8EC}"
EndProject
Global
	GlobalSection(SolutionConfigurationPlatforms) = preSolution
		Debug|Any CPU = Debug|Any CPU
		Release|Any CPU = Release|Any CPU
	EndGlobalSection
	GlobalSection(ProjectConfigurationPlatforms) = postSolution
		{5F4C9662-B50F-4B24-99BB-1B6753216ED4}.Debug|Any CPU.ActiveCfg = Debug|Any CPU
		{5F4C9662-B50F-4B24-99BB-1B6753216ED4}.Debug|Any CPU.Build.0 = Debug|Any CPU
		{5F4C9662-B50F-4B24-99BB-1B6753216ED4}.Release|Any CPU.ActiveCfg = Release|Any CPU
		{5F4C9662-B50F-4B24-99BB-1B6753216ED4}.Release|Any CPU.Build.0 = Release|Any CPU
		{5BF4C441-7264-4A2D-B630-C11E095AFC04}.Debug|Any CPU.ActiveCfg = Debug|Any CPU
		{5BF4C441-7264-4A2D-B630-C11E095AFC04}.Debug|Any CPU.Build.0 = Debug|Any CPU
		{5BF4C441-7264-4A2D-B630-C11E095AFC04}.Release|Any CPU.ActiveCfg = Release|Any CPU
		{5BF4C441-7264-4A2D-B630-C11E095AFC04}.Release|Any CPU.Build.0 = Release|Any CPU
		{0948538F-2845-4278-BEFC-F2635FE0A31C}.Debug|Any CPU.ActiveCfg = Debug|Any CPU
		{0948538F-2845-4278-BEFC-F2635FE0A31C}.Debug|Any CPU.Build.0 = Debug|Any CPU
		{0948538F-2845-4278-BEFC-F2635FE0A31C}.Release|Any CPU.ActiveCfg = Release|Any CPU
		{0948538F-2845-4278-BEFC-F2635FE0A31C}.Release|Any CPU.Build.0 = Release|Any CPU
		{7E9BC614-7528-46CE-8DBF-F95F31F19D53}.Debug|Any CPU.ActiveCfg = Debug|Any CPU
		{7E9BC614-7528-46CE-8DBF-F95F31F19D53}.Debug|Any CPU.Build.0 = Debug|Any CPU
		{7E9BC614-7528-46CE-8DBF-F95F31F19D53}.Release|Any CPU.ActiveCfg = Release|Any CPU
		{7E9BC614-7528-46CE-8DBF-F95F31F19D53}.Release|Any CPU.Build.0 = Release|Any CPU
		{7089AB6C-02E0-4432-8688-86B49289F8EC}.Debug|Any CPU.ActiveCfg = Debug|Any CPU
		{7089AB6C-02E0-4432-8688-86B49289F8EC}.Debug|Any CPU.Build.0 = Debug|Any CPU
		{7089AB6C-02E0-4432-8688-86B49289F8EC}.Release|Any CPU.ActiveCfg = Release|Any CPU
		{7089AB6C-02E0-4432-8688-86B49289F8EC}.Release|Any CPU.Build.0 = Release|Any CPU
	EndGlobalSection
	GlobalSection(SolutionProperties) = preSolution
		HideSolutionNode = FALSE
	EndGlobalSection
	GlobalSection(ExtensibilityGlobals) = postSolution
		SolutionGuid = {E4E08010-6AB6-4D09-A87F-12FE0B46811C}
	EndGlobalSection
EndGlobal
